
Microsoft Visual Studio Solution File, Format Version 12.00
# Visual Studio 15
VisualStudioVersion = 15.0.28010.2026
MinimumVisualStudioVersion = 10.0.40219.1
Project("{FAE04EC0-301F-11D3-BF4B-00C04F79EFBC}") = "性能优化", "性能优化\性能优化.csproj", "{BC3536AA-1055-4ED4-9949-9192195694A9}"
EndProject
Global
	GlobalSection(SolutionConfigurationPlatforms) = preSolution
		Debug|Any CPU = Debug|Any CPU
		Release|Any CPU = Release|Any CPU
	EndGlobalSection
	GlobalSection(ProjectConfigurationPlatforms) = postSolution
		{BC3536AA-1055-4ED4-9949-9192195694A9}.Debug|Any CPU.ActiveCfg = Debug|Any CPU
		{BC3536AA-1055-4ED4-9949-9192195694A9}.Debug|Any CPU.Build.0 = Debug|Any CPU
		{BC3536AA-1055-4ED4-9949-9192195694A9}.Release|Any CPU.ActiveCfg = Release|Any CPU
		{BC3536AA-1055-4ED4-9949-9192195694A9}.Release|Any CPU.Build.0 = Release|Any CPU
	EndGlobalSection
	GlobalSection(SolutionProperties) = preSolution
		HideSolutionNode = FALSE
	EndGlobalSection
	GlobalSection(ExtensibilityGlobals) = postSolution
		SolutionGuid = {232A8CC1-2723-4130-9FFF-A04F07098936}
	EndGlobalSection
EndGlobal
